
Microsoft Visual Studio Solution File, Format Version 12.00
# Visual Studio 2013
VisualStudioVersion = 12.0.20827.3
MinimumVisualStudioVersion = 10.0.40219.1
Project("{FAE04EC0-301F-11D3-BF4B-00C04F79EFBC}") = "Giftable.Models", "Giftable.Models\Giftable.Models.csproj", "{C982E043-7302-412A-89CA-E99B6E0007FC}"
EndProject
Project("{FAE04EC0-301F-11D3-BF4B-00C04F79EFBC}") = "Giftable.Data", "Giftable.Data\Giftable.Data.csproj", "{8AEF9983-78B2-49D7-9AA3-1A4DE5559FBB}"
EndProject
Project("{FAE04EC0-301F-11D3-BF4B-00C04F79EFBC}") = "Giftable.API", "Giftable.API\Giftable.API.csproj", "{8FE9A6D2-0373-44BF-91DD-D3477D0F7193}"
EndProject
Project("{2150E333-8FDC-42A3-9474-1A3956D46DE8}") = ".nuget", ".nuget", "{48C288F2-03B8-4642-AF47-1A64B81E5536}"
	ProjectSection(SolutionItems) = preProject
		.nuget\NuGet.Config = .nuget\NuGet.Config
		.nuget\NuGet.exe = .nuget\NuGet.exe
		.nuget\NuGet.targets = .nuget\NuGet.targets
	EndProjectSection
EndProject
Global
	GlobalSection(SubversionScc) = preSolution
		Svn-Managed = True
		Manager = AnkhSVN - Subversion Support for Visual Studio
	EndGlobalSection
	GlobalSection(SolutionConfigurationPlatforms) = preSolution
		Debug|Any CPU = Debug|Any CPU
		Release|Any CPU = Release|Any CPU
	EndGlobalSection
	GlobalSection(ProjectConfigurationPlatforms) = postSolution
		{C982E043-7302-412A-89CA-E99B6E0007FC}.Debug|Any CPU.ActiveCfg = Debug|Any CPU
		{C982E043-7302-412A-89CA-E99B6E0007FC}.Debug|Any CPU.Build.0 = Debug|Any CPU
		{C982E043-7302-412A-89CA-E99B6E0007FC}.Release|Any CPU.ActiveCfg = Release|Any CPU
		{C982E043-7302-412A-89CA-E99B6E0007FC}.Release|Any CPU.Build.0 = Release|Any CPU
		{8AEF9983-78B2-49D7-9AA3-1A4DE5559FBB}.Debug|Any CPU.ActiveCfg = Debug|Any CPU
		{8AEF9983-78B2-49D7-9AA3-1A4DE5559FBB}.Debug|Any CPU.Build.0 = Debug|Any CPU
		{8AEF9983-78B2-49D7-9AA3-1A4DE5559FBB}.Release|Any CPU.ActiveCfg = Release|Any CPU
		{8AEF9983-78B2-49D7-9AA3-1A4DE5559FBB}.Release|Any CPU.Build.0 = Release|Any CPU
		{8FE9A6D2-0373-44BF-91DD-D3477D0F7193}.Debug|Any CPU.ActiveCfg = Debug|Any CPU
		{8FE9A6D2-0373-44BF-91DD-D3477D0F7193}.Debug|Any CPU.Build.0 = Debug|Any CPU
		{8FE9A6D2-0373-44BF-91DD-D3477D0F7193}.Release|Any CPU.ActiveCfg = Release|Any CPU
		{8FE9A6D2-0373-44BF-91DD-D3477D0F7193}.Release|Any CPU.Build.0 = Release|Any CPU
	EndGlobalSection
	GlobalSection(SolutionProperties) = preSolution
		HideSolutionNode = FALSE
	EndGlobalSection
EndGlobal
